
Microsoft Visual Studio Solution File, Format Version 12.00
# Visual Studio Version 17
VisualStudioVersion = 17.0.32112.339
MinimumVisualStudioVersion = 10.0.40219.1
Project("{FAE04EC0-301F-11D3-BF4B-00C04F79EFBC}") = "primeiro_programa_CSharp", "primeiro_programa_CSharp\primeiro_programa_CSharp.csproj", "{5AF5E7FF-F880-44C2-B015-D6F1FE03657C}"
EndProject
Global
	GlobalSection(SolutionConfigurationPlatforms) = preSolution
		Debug|Any CPU = Debug|Any CPU
		Release|Any CPU = Release|Any CPU
	EndGlobalSection
	GlobalSection(ProjectConfigurationPlatforms) = postSolution
		{5AF5E7FF-F880-44C2-B015-D6F1FE03657C}.Debug|Any CPU.ActiveCfg = Debug|Any CPU
		{5AF5E7FF-F880-44C2-B015-D6F1FE03657C}.Debug|Any CPU.Build.0 = Debug|Any CPU
		{5AF5E7FF-F880-44C2-B015-D6F1FE03657C}.Release|Any CPU.ActiveCfg = Release|Any CPU
		{5AF5E7FF-F880-44C2-B015-D6F1FE03657C}.Release|Any CPU.Build.0 = Release|Any CPU
	EndGlobalSection
	GlobalSection(SolutionProperties) = preSolution
		HideSolutionNode = FALSE
	EndGlobalSection
	GlobalSection(ExtensibilityGlobals) = postSolution
		SolutionGuid = {6D4AF911-9A09-475B-A2D5-AE319BAA445E}
	EndGlobalSection
EndGlobal
